
Microsoft Visual Studio Solution File, Format Version 12.00
# Visual Studio Version 16
VisualStudioVersion = 16.0.30907.101
MinimumVisualStudioVersion = 10.0.40219.1
Project("{FAE04EC0-301F-11D3-BF4B-00C04F79EFBC}") = "SocketProjetFrame", "SocketProjetFrame\SocketProjetFrame.csproj", "{618D6469-DDCC-497B-9FE8-61CB8DC4C4A3}"
EndProject
Project("{FAE04EC0-301F-11D3-BF4B-00C04F79EFBC}") = "SocketProjetClient", "SocketProjetClient\SocketProjetClient.csproj", "{7C6BA6CC-DC1B-410B-925B-EF16EB991C7F}"
EndProject
Global
	GlobalSection(SolutionConfigurationPlatforms) = preSolution
		Debug|Any CPU = Debug|Any CPU
		Release|Any CPU = Release|Any CPU
	EndGlobalSection
	GlobalSection(ProjectConfigurationPlatforms) = postSolution
		{618D6469-DDCC-497B-9FE8-61CB8DC4C4A3}.Debug|Any CPU.ActiveCfg = Debug|Any CPU
		{618D6469-DDCC-497B-9FE8-61CB8DC4C4A3}.Debug|Any CPU.Build.0 = Debug|Any CPU
		{618D6469-DDCC-497B-9FE8-61CB8DC4C4A3}.Release|Any CPU.ActiveCfg = Release|Any CPU
		{618D6469-DDCC-497B-9FE8-61CB8DC4C4A3}.Release|Any CPU.Build.0 = Release|Any CPU
		{7C6BA6CC-DC1B-410B-925B-EF16EB991C7F}.Debug|Any CPU.ActiveCfg = Debug|Any CPU
		{7C6BA6CC-DC1B-410B-925B-EF16EB991C7F}.Debug|Any CPU.Build.0 = Debug|Any CPU
		{7C6BA6CC-DC1B-410B-925B-EF16EB991C7F}.Release|Any CPU.ActiveCfg = Release|Any CPU
		{7C6BA6CC-DC1B-410B-925B-EF16EB991C7F}.Release|Any CPU.Build.0 = Release|Any CPU
	EndGlobalSection
	GlobalSection(SolutionProperties) = preSolution
		HideSolutionNode = FALSE
	EndGlobalSection
	GlobalSection(ExtensibilityGlobals) = postSolution
		SolutionGuid = {6C88E3A4-C6A8-4019-AE38-368A8EDCF6E0}
	EndGlobalSection
EndGlobal
